
Microsoft Visual Studio Solution File, Format Version 12.00
# Visual Studio Version 16
VisualStudioVersion = 16.0.30907.101
MinimumVisualStudioVersion = 10.0.40219.1
Project("{FAE04EC0-301F-11D3-BF4B-00C04F79EFBC}") = "StoneX", "StoneX\StoneX.csproj", "{D76AC1C7-1A24-46AF-B4CA-6E2719E4C5A1}"
EndProject
Global
	GlobalSection(SolutionConfigurationPlatforms) = preSolution
		Debug|Any CPU = Debug|Any CPU
		Release|Any CPU = Release|Any CPU
	EndGlobalSection
	GlobalSection(ProjectConfigurationPlatforms) = postSolution
		{D76AC1C7-1A24-46AF-B4CA-6E2719E4C5A1}.Debug|Any CPU.ActiveCfg = Debug|Any CPU
		{D76AC1C7-1A24-46AF-B4CA-6E2719E4C5A1}.Debug|Any CPU.Build.0 = Debug|Any CPU
		{D76AC1C7-1A24-46AF-B4CA-6E2719E4C5A1}.Release|Any CPU.ActiveCfg = Release|Any CPU
		{D76AC1C7-1A24-46AF-B4CA-6E2719E4C5A1}.Release|Any CPU.Build.0 = Release|Any CPU
	EndGlobalSection
	GlobalSection(SolutionProperties) = preSolution
		HideSolutionNode = FALSE
	EndGlobalSection
	GlobalSection(ExtensibilityGlobals) = postSolution
		SolutionGuid = {4B1A30B7-1C2E-4C0F-8A85-6C83DCA2EAE2}
	EndGlobalSection
EndGlobal
